{
  "name": "generalstore",
  "version": "0.1.0",
  "lockfileVersion": 2,
  "requires": true,
  "packages": {
    "": {
      "name": "generalstore",
      "version": "0.1.0",
      "dependencies": {
        "@capacitor/android": "^5.2.3",
        "@capacitor/camera": "^5.0.7"
      }
    },
    "node_modules/@capacitor/android": {
      "version": "5.2.3",
      "resolved": "https://registry.npmjs.org/@capacitor/android/-/android-5.2.3.tgz",
      "integrity": "sha512-TqXOq5RIniMACcAckn/X84XajPP2GU4VH7Er390Ja2Y2BWSeUKgk7T8aURcwLYu2hnv+Op9eTww5MTBb3zBtmg==",
      "peerDependencies": {
        "@capacitor/core": "^5.2.0"
      }
    },
    "node_modules/@capacitor/camera": {
      "version": "5.0.7",
      "resolved": "https://registry.npmjs.org/@capacitor/camera/-/camera-5.0.7.tgz",
      "integrity": "sha512-1Wk3Dk0UhhNHdBB07UrPvUOSL7Wi5gFZRyLY1LZL2awt34iqy2cnajtfJplFmEZHk8lD0i7NAl3HbkWm4td4OQ==",
      "peerDependencies": {
        "@capacitor/core": "^5.0.0"
      }
    },
    "node_modules/@capacitor/core": {
      "version": "5.2.3",
      "resolved": "https://registry.npmjs.org/@capacitor/core/-/core-5.2.3.tgz",
      "integrity": "sha512-Q1zbgt3Mvldy7six2/GX54kTL0ozgnR37jeDUAXL/fOJBF4Iorr/8A0OjGEAnwEjpR1la7uFZUunESMFyMLhEQ==",
      "peer": true,
      "dependencies": {
        "tslib": "^2.1.0"
      }
    },
    "node_modules/tslib": {
      "version": "2.6.1",
      "resolved": "https://registry.npmjs.org/tslib/-/tslib-2.6.1.tgz",
      "integrity": "sha512-t0hLfiEKfMUoqhG+U1oid7Pva4bbDPHYfJNiB7BiIjRkj1pyC++4N3huJfqY6aRH6VTB0rvtzQwjM4K6qpfOig==",
      "peer": true
    }
  },
  "dependencies": {
    "@capacitor/android": {
      "version": "5.2.3",
      "resolved": "https://registry.npmjs.org/@capacitor/android/-/android-5.2.3.tgz",
      "integrity": "sha512-TqXOq5RIniMACcAckn/X84XajPP2GU4VH7Er390Ja2Y2BWSeUKgk7T8aURcwLYu2hnv+Op9eTww5MTBb3zBtmg==",
      "requires": {}
    },
    "@capacitor/camera": {
      "version": "5.0.7",
      "resolved": "https://registry.npmjs.org/@capacitor/camera/-/camera-5.0.7.tgz",
      "integrity": "sha512-1Wk3Dk0UhhNHdBB07UrPvUOSL7Wi5gFZRyLY1LZL2awt34iqy2cnajtfJplFmEZHk8lD0i7NAl3HbkWm4td4OQ==",
      "requires": {}
    },
    "@capacitor/core": {
      "version": "5.2.3",
      "resolved": "https://registry.npmjs.org/@capacitor/core/-/core-5.2.3.tgz",
      "integrity": "sha512-Q1zbgt3Mvldy7six2/GX54kTL0ozgnR37jeDUAXL/fOJBF4Iorr/8A0OjGEAnwEjpR1la7uFZUunESMFyMLhEQ==",
      "peer": true,
      "requires": {
        "tslib": "^2.1.0"
      }
    },
    "tslib": {
      "version": "2.6.1",
      "resolved": "https://registry.npmjs.org/tslib/-/tslib-2.6.1.tgz",
      "integrity": "sha512-t0hLfiEKfMUoqhG+U1oid7Pva4bbDPHYfJNiB7BiIjRkj1pyC++4N3huJfqY6aRH6VTB0rvtzQwjM4K6qpfOig==",
      "peer": true
    }
  }
}
